
Microsoft Visual Studio Solution File, Format Version 12.00
Project("{FAE04EC0-301F-11D3-BF4B-00C04F79EFBC}") = "DictionarryDemo", "DictionarryDemo\DictionarryDemo.csproj", "{28CCA2D9-27C2-4772-9862-56A38FC6FDE3}"
EndProject
Global
	GlobalSection(SolutionConfigurationPlatforms) = preSolution
		Debug|Any CPU = Debug|Any CPU
		Release|Any CPU = Release|Any CPU
	EndGlobalSection
	GlobalSection(ProjectConfigurationPlatforms) = postSolution
		{28CCA2D9-27C2-4772-9862-56A38FC6FDE3}.Debug|Any CPU.ActiveCfg = Debug|Any CPU
		{28CCA2D9-27C2-4772-9862-56A38FC6FDE3}.Debug|Any CPU.Build.0 = Debug|Any CPU
		{28CCA2D9-27C2-4772-9862-56A38FC6FDE3}.Release|Any CPU.ActiveCfg = Release|Any CPU
		{28CCA2D9-27C2-4772-9862-56A38FC6FDE3}.Release|Any CPU.Build.0 = Release|Any CPU
	EndGlobalSection
EndGlobal
