
Microsoft Visual Studio Solution File, Format Version 12.00
Project("{FAE04EC0-301F-11D3-BF4B-00C04F79EFBC}") = "ListDemo", "ListDemo\ListDemo.csproj", "{0A1DA9D6-24B3-4ACE-AF28-2E615EA6235B}"
EndProject
Global
	GlobalSection(SolutionConfigurationPlatforms) = preSolution
		Debug|Any CPU = Debug|Any CPU
		Release|Any CPU = Release|Any CPU
	EndGlobalSection
	GlobalSection(ProjectConfigurationPlatforms) = postSolution
		{0A1DA9D6-24B3-4ACE-AF28-2E615EA6235B}.Debug|Any CPU.ActiveCfg = Debug|Any CPU
		{0A1DA9D6-24B3-4ACE-AF28-2E615EA6235B}.Debug|Any CPU.Build.0 = Debug|Any CPU
		{0A1DA9D6-24B3-4ACE-AF28-2E615EA6235B}.Release|Any CPU.ActiveCfg = Release|Any CPU
		{0A1DA9D6-24B3-4ACE-AF28-2E615EA6235B}.Release|Any CPU.Build.0 = Release|Any CPU
	EndGlobalSection
EndGlobal
