
Microsoft Visual Studio Solution File, Format Version 12.00
Project("{FAE04EC0-301F-11D3-BF4B-00C04F79EFBC}") = "FirstProject", "FirstProject\FirstProject.csproj", "{9FD3A5C3-7119-4F9A-A182-6C92C080EC24}"
EndProject
Global
	GlobalSection(SolutionConfigurationPlatforms) = preSolution
		Debug|Any CPU = Debug|Any CPU
		Release|Any CPU = Release|Any CPU
	EndGlobalSection
	GlobalSection(ProjectConfigurationPlatforms) = postSolution
		{9FD3A5C3-7119-4F9A-A182-6C92C080EC24}.Debug|Any CPU.ActiveCfg = Debug|Any CPU
		{9FD3A5C3-7119-4F9A-A182-6C92C080EC24}.Debug|Any CPU.Build.0 = Debug|Any CPU
		{9FD3A5C3-7119-4F9A-A182-6C92C080EC24}.Release|Any CPU.ActiveCfg = Release|Any CPU
		{9FD3A5C3-7119-4F9A-A182-6C92C080EC24}.Release|Any CPU.Build.0 = Release|Any CPU
	EndGlobalSection
EndGlobal
