
Microsoft Visual Studio Solution File, Format Version 12.00
Project("{FAE04EC0-301F-11D3-BF4B-00C04F79EFBC}") = "AccessDemo1", "AccessDemo1\AccessDemo1.csproj", "{03234C81-323B-4C13-B312-408C13F73326}"
EndProject
Project("{FAE04EC0-301F-11D3-BF4B-00C04F79EFBC}") = "AccessDemo2", "AccessDemo2\AccessDemo2.csproj", "{6599746A-E42D-4AF1-82BE-BED471C47154}"
EndProject
Global
	GlobalSection(SolutionConfigurationPlatforms) = preSolution
		Debug|Any CPU = Debug|Any CPU
		Release|Any CPU = Release|Any CPU
	EndGlobalSection
	GlobalSection(ProjectConfigurationPlatforms) = postSolution
		{03234C81-323B-4C13-B312-408C13F73326}.Debug|Any CPU.ActiveCfg = Debug|Any CPU
		{03234C81-323B-4C13-B312-408C13F73326}.Debug|Any CPU.Build.0 = Debug|Any CPU
		{03234C81-323B-4C13-B312-408C13F73326}.Release|Any CPU.ActiveCfg = Release|Any CPU
		{03234C81-323B-4C13-B312-408C13F73326}.Release|Any CPU.Build.0 = Release|Any CPU
		{6599746A-E42D-4AF1-82BE-BED471C47154}.Debug|Any CPU.ActiveCfg = Debug|Any CPU
		{6599746A-E42D-4AF1-82BE-BED471C47154}.Debug|Any CPU.Build.0 = Debug|Any CPU
		{6599746A-E42D-4AF1-82BE-BED471C47154}.Release|Any CPU.ActiveCfg = Release|Any CPU
		{6599746A-E42D-4AF1-82BE-BED471C47154}.Release|Any CPU.Build.0 = Release|Any CPU
	EndGlobalSection
EndGlobal
