
Microsoft Visual Studio Solution File, Format Version 12.00
Project("{FAE04EC0-301F-11D3-BF4B-00C04F79EFBC}") = "MethodOverridingDemo", "MethodOverridingDemo\MethodOverridingDemo.csproj", "{FC77E34E-B6DE-4DA6-BF2D-5671375A41AA}"
EndProject
Global
	GlobalSection(SolutionConfigurationPlatforms) = preSolution
		Debug|Any CPU = Debug|Any CPU
		Release|Any CPU = Release|Any CPU
	EndGlobalSection
	GlobalSection(ProjectConfigurationPlatforms) = postSolution
		{FC77E34E-B6DE-4DA6-BF2D-5671375A41AA}.Debug|Any CPU.ActiveCfg = Debug|Any CPU
		{FC77E34E-B6DE-4DA6-BF2D-5671375A41AA}.Debug|Any CPU.Build.0 = Debug|Any CPU
		{FC77E34E-B6DE-4DA6-BF2D-5671375A41AA}.Release|Any CPU.ActiveCfg = Release|Any CPU
		{FC77E34E-B6DE-4DA6-BF2D-5671375A41AA}.Release|Any CPU.Build.0 = Release|Any CPU
	EndGlobalSection
EndGlobal
